// !$*UTF8*$!
{
	archiveVersion = 1;
	classes = {
	};
	objectVersion = 50;
	objects = {

/* Begin PBXBuildFile section */
		70B542F8245079AB00A95923 /* AppDelegate.swift in Sources */ = {isa = PBXBuildFile; fileRef = 70B542F7245079AB00A95923 /* AppDelegate.swift */; };
		70B542FA245079AB00A95923 /* SceneDelegate.swift in Sources */ = {isa = PBXBuildFile; fileRef = 70B542F9245079AB00A95923 /* SceneDelegate.swift */; };
		70B542FC245079AB00A95923 /* ViewController.swift in Sources */ = {isa = PBXBuildFile; fileRef = 70B542FB245079AB00A95923 /* ViewController.swift */; };
		70B542FF245079AB00A95923 /* Main.storyboard in Resources */ = {isa = PBXBuildFile; fileRef = 70B542FD245079AB00A95923 /* Main.storyboard */; };
		70B54301245079B100A95923 /* Assets.xcassets in Resources */ = {isa = PBXBuildFile; fileRef = 70B54300245079B100A95923 /* Assets.xcassets */; };
		70B54304245079B100A95923 /* LaunchScreen.storyboard in Resources */ = {isa = PBXBuildFile; fileRef = 70B54302245079B100A95923 /* LaunchScreen.storyboard */; };
		70B5430F245079B100A95923 /* hw_10Tests.swift in Sources */ = {isa = PBXBuildFile; fileRef = 70B5430E245079B100A95923 /* hw_10Tests.swift */; };
		70B5431A245079B100A95923 /* hw_10UITests.swift in Sources */ = {isa = PBXBuildFile; fileRef = 70B54319245079B100A95923 /* hw_10UITests.swift */; };
/* End PBXBuildFile section */

/* Begin PBXContainerItemProxy section */
		70B5430B245079B100A95923 /* PBXContainerItemProxy */ = {
			isa = PBXContainerItemProxy;
			containerPortal = 70B542EC245079AB00A95923 /* Project object */;
			proxyType = 1;
			remoteGlobalIDString = 70B542F3245079AB00A95923;
			remoteInfo = "hw 10";
		};
		70B54316245079B100A95923 /* PBXContainerItemProxy */ = {
			isa = PBXContainerItemProxy;
			containerPortal = 70B542EC245079AB00A95923 /* Project object */;
			proxyType = 1;
			remoteGlobalIDString = 70B542F3245079AB00A95923;
			remoteInfo = "hw 10";
		};
/* End PBXContainerItemProxy section */

/* Begin PBXFileReference section */
		70B542F4245079AB00A95923 /* hw 10.app */ = {isa = PBXFileReference; explicitFileType = wrapper.application; includeInIndex = 0; path = "hw 10.app"; sourceTree = BUILT_PRODUCTS_DIR; };
		70B542F7245079AB00A95923 /* AppDelegate.swift */ = {isa = PBXFileReference; lastKnownFileType = sourcecode.swift; path = AppDelegate.swift; sourceTree = "<group>"; };
		70B542F9245079AB00A95923 /* SceneDelegate.swift */ = {isa = PBXFileReference; lastKnownFileType = sourcecode.swift; path = SceneDelegate.swift; sourceTree = "<group>"; };
		70B542FB245079AB00A95923 /* ViewController.swift */ = {isa = PBXFileReference; lastKnownFileType = sourcecode.swift; path = ViewController.swift; sourceTree = "<group>"; };
		70B542FE245079AB00A95923 /* Base */ = {isa = PBXFileReference; lastKnownFileType = file.storyboard; name = Base; path = Base.lproj/Main.storyboard; sourceTree = "<group>"; };
		70B54300245079B100A95923 /* Assets.xcassets */ = {isa = PBXFileReference; lastKnownFileType = folder.assetcatalog; path = Assets.xcassets; sourceTree = "<group>"; };
		70B54303245079B100A95923 /* Base */ = {isa = PBXFileReference; lastKnownFileType = file.storyboard; name = Base; path = Base.lproj/LaunchScreen.storyboard; sourceTree = "<group>"; };
		70B54305245079B100A95923 /* Info.plist */ = {isa = PBXFileReference; lastKnownFileType = text.plist.xml; path = Info.plist; sourceTree = "<group>"; };
		70B5430A245079B100A95923 /* hw 10Tests.xctest */ = {isa = PBXFileReference; explicitFileType = wrapper.cfbundle; includeInIndex = 0; path = "hw 10Tests.xctest"; sourceTree = BUILT_PRODUCTS_DIR; };
		70B5430E245079B100A95923 /* hw_10Tests.swift */ = {isa = PBXFileReference; lastKnownFileType = sourcecode.swift; path = hw_10Tests.swift; sourceTree = "<group>"; };
		70B54310245079B100A95923 /* Info.plist */ = {isa = PBXFileReference; lastKnownFileType = text.plist.xml; path = Info.plist; sourceTree = "<group>"; };
		70B54315245079B100A95923 /* hw 10UITests.xctest */ = {isa = PBXFileReference; explicitFileType = wrapper.cfbundle; includeInIndex = 0; path = "hw 10UITests.xctest"; sourceTree = BUILT_PRODUCTS_DIR; };
		70B54319245079B100A95923 /* hw_10UITests.swift */ = {isa = PBXFileReference; lastKnownFileType = sourcecode.swift; path = hw_10UITests.swift; sourceTree = "<group>"; };
		70B5431B245079B100A95923 /* Info.plist */ = {isa = PBXFileReference; lastKnownFileType = text.plist.xml; path = Info.plist; sourceTree = "<group>"; };
/* End PBXFileReference section */

/* Begin PBXFrameworksBuildPhase section */
		70B542F1245079AB00A95923 /* Frameworks */ = {
			isa = PBXFrameworksBuildPhase;
			buildActionMask = 2147483647;
			files = (
			);
			runOnlyForDeploymentPostprocessing = 0;
		};
		70B54307245079B100A95923 /* Frameworks */ = {
			isa = PBXFrameworksBuildPhase;
			buildActionMask = 2147483647;
			files = (
			);
			runOnlyForDeploymentPostprocessing = 0;
		};
		70B54312245079B100A95923 /* Frameworks */ = {
			isa = PBXFrameworksBuildPhase;
			buildActionMask = 2147483647;
			files = (
			);
			runOnlyForDeploymentPostprocessing = 0;
		};
/* End PBXFrameworksBuildPhase section */

/* Begin PBXGroup section */
		70B542EB245079AB00A95923 = {
			isa = PBXGroup;
			children = (
				70B542F6245079AB00A95923 /* hw 10 */,
				70B5430D245079B100A95923 /* hw 10Tests */,
				70B54318245079B100A95923 /* hw 10UITests */,
				70B542F5245079AB00A95923 /* Products */,
			);
			sourceTree = "<group>";
		};
		70B542F5245079AB00A95923 /* Products */ = {
			isa = PBXGroup;
			children = (
				70B542F4245079AB00A95923 /* hw 10.app */,
				70B5430A245079B100A95923 /* hw 10Tests.xctest */,
				70B54315245079B100A95923 /* hw 10UITests.xctest */,
			);
			name = Products;
			sourceTree = "<group>";
		};
		70B542F6245079AB00A95923 /* hw 10 */ = {
			isa = PBXGroup;
			children = (
				70B542F7245079AB00A95923 /* AppDelegate.swift */,
				70B542F9245079AB00A95923 /* SceneDelegate.swift */,
				70B542FB245079AB00A95923 /* ViewController.swift */,
				70B542FD245079AB00A95923 /* Main.storyboard */,
				70B54300245079B100A95923 /* Assets.xcassets */,
				70B54302245079B100A95923 /* LaunchScreen.storyboard */,
				70B54305245079B100A95923 /* Info.plist */,
			);
			path = "hw 10";
			sourceTree = "<group>";
		};
		70B5430D245079B100A95923 /* hw 10Tests */ = {
			isa = PBXGroup;
			children = (
				70B5430E245079B100A95923 /* hw_10Tests.swift */,
				70B54310245079B100A95923 /* Info.plist */,
			);
			path = "hw 10Tests";
			sourceTree = "<group>";
		};
		70B54318245079B100A95923 /* hw 10UITests */ = {
			isa = PBXGroup;
			children = (
				70B54319245079B100A95923 /* hw_10UITests.swift */,
				70B5431B245079B100A95923 /* Info.plist */,
			);
			path = "hw 10UITests";
			sourceTree = "<group>";
		};
/* End PBXGroup section */

/* Begin PBXNativeTarget section */
		70B542F3245079AB00A95923 /* hw 10 */ = {
			isa = PBXNativeTarget;
			buildConfigurationList = 70B5431E245079B100A95923 /* Build configuration list for PBXNativeTarget "hw 10" */;
			buildPhases = (
				70B542F0245079AB00A95923 /* Sources */,
				70B542F1245079AB00A95923 /* Frameworks */,
				70B542F2245079AB00A95923 /* Resources */,
			);
			buildRules = (
			);
			dependencies = (
			);
			name = "hw 10";
			productName = "hw 10";
			productReference = 70B542F4245079AB00A95923 /* hw 10.app */;
			productType = "com.apple.product-type.application";
		};
		70B54309245079B100A95923 /* hw 10Tests */ = {
			isa = PBXNativeTarget;
			buildConfigurationList = 70B54321245079B100A95923 /* Build configuration list for PBXNativeTarget "hw 10Tests" */;
			buildPhases = (
				70B54306245079B100A95923 /* Sources */,
				70B54307245079B100A95923 /* Frameworks */,
				70B54308245079B100A95923 /* Resources */,
			);
			buildRules = (
			);
			dependencies = (
				70B5430C245079B100A95923 /* PBXTargetDependency */,
			);
			name = "hw 10Tests";
			productName = "hw 10Tests";
			productReference = 70B5430A245079B100A95923 /* hw 10Tests.xctest */;
			productType = "com.apple.product-type.bundle.unit-test";
		};
		70B54314245079B100A95923 /* hw 10UITests */ = {
			isa = PBXNativeTarget;
			buildConfigurationList = 70B54324245079B100A95923 /* Build configuration list for PBXNativeTarget "hw 10UITests" */;
			buildPhases = (
				70B54311245079B100A95923 /* Sources */,
				70B54312245079B100A95923 /* Frameworks */,
				70B54313245079B100A95923 /* Resources */,
			);
			buildRules = (
			);
			dependencies = (
				70B54317245079B100A95923 /* PBXTargetDependency */,
			);
			name = "hw 10UITests";
			productName = "hw 10UITests";
			productReference = 70B54315245079B100A95923 /* hw 10UITests.xctest */;
			productType = "com.apple.product-type.bundle.ui-testing";
		};
/* End PBXNativeTarget section */

/* Begin PBXProject section */
		70B542EC245079AB00A95923 /* Project object */ = {
			isa = PBXProject;
			attributes = {
				LastSwiftUpdateCheck = 1130;
				LastUpgradeCheck = 1130;
				ORGANIZATIONNAME = "Ashawn C Berry";
				TargetAttributes = {
					70B542F3245079AB00A95923 = {
						CreatedOnToolsVersion = 11.3.1;
					};
					70B54309245079B100A95923 = {
						CreatedOnToolsVersion = 11.3.1;
						TestTargetID = 70B542F3245079AB00A95923;
					};
					70B54314245079B100A95923 = {
						CreatedOnToolsVersion = 11.3.1;
						TestTargetID = 70B542F3245079AB00A95923;
					};
				};
			};
			buildConfigurationList = 70B542EF245079AB00A95923 /* Build configuration list for PBXProject "hw 10" */;
			compatibilityVersion = "Xcode 9.3";
			developmentRegion = en;
			hasScannedForEncodings = 0;
			knownRegions = (
				en,
				Base,
			);
			mainGroup = 70B542EB245079AB00A95923;
			productRefGroup = 70B542F5245079AB00A95923 /* Products */;
			projectDirPath = "";
			projectRoot = "";
			targets = (
				70B542F3245079AB00A95923 /* hw 10 */,
				70B54309245079B100A95923 /* hw 10Tests */,
				70B54314245079B100A95923 /* hw 10UITests */,
			);
		};
/* End PBXProject section */

/* Begin PBXResourcesBuildPhase section */
		70B542F2245079AB00A95923 /* Resources */ = {
			isa = PBXResourcesBuildPhase;
			buildActionMask = 2147483647;
			files = (
				70B54304245079B100A95923 /* LaunchScreen.storyboard in Resources */,
				70B54301245079B100A95923 /* Assets.xcassets in Resources */,
				70B542FF245079AB00A95923 /* Main.storyboard in Resources */,
			);
			runOnlyForDeploymentPostprocessing = 0;
		};
		70B54308245079B100A95923 /* Resources */ = {
			isa = PBXResourcesBuildPhase;
			buildActionMask = 2147483647;
			files = (
			);
			runOnlyForDeploymentPostprocessing = 0;
		};
		70B54313245079B100A95923 /* Resources */ = {
			isa = PBXResourcesBuildPhase;
			buildActionMask = 2147483647;
			files = (
			);
			runOnlyForDeploymentPostprocessing = 0;
		};
/* End PBXResourcesBuildPhase section */

/* Begin PBXSourcesBuildPhase section */
		70B542F0245079AB00A95923 /* Sources */ = {
			isa = PBXSourcesBuildPhase;
			buildActionMask = 2147483647;
			files = (
				70B542FC245079AB00A95923 /* ViewController.swift in Sources */,
				70B542F8245079AB00A95923 /* AppDelegate.swift in Sources */,
				70B542FA245079AB00A95923 /* SceneDelegate.swift in Sources */,
			);
			runOnlyForDeploymentPostprocessing = 0;
		};
		70B54306245079B100A95923 /* Sources */ = {
			isa = PBXSourcesBuildPhase;
			buildActionMask = 2147483647;
			files = (
				70B5430F245079B100A95923 /* hw_10Tests.swift in Sources */,
			);
			runOnlyForDeploymentPostprocessing = 0;
		};
		70B54311245079B100A95923 /* Sources */ = {
			isa = PBXSourcesBuildPhase;
			buildActionMask = 2147483647;
			files = (
				70B5431A245079B100A95923 /* hw_10UITests.swift in Sources */,
			);
			runOnlyForDeploymentPostprocessing = 0;
		};
/* End PBXSourcesBuildPhase section */

/* Begin PBXTargetDependency section */
		70B5430C245079B100A95923 /* PBXTargetDependency */ = {
			isa = PBXTargetDependency;
			target = 70B542F3245079AB00A95923 /* hw 10 */;
			targetProxy = 70B5430B245079B100A95923 /* PBXContainerItemProxy */;
		};
		70B54317245079B100A95923 /* PBXTargetDependency */ = {
			isa = PBXTargetDependency;
			target = 70B542F3245079AB00A95923 /* hw 10 */;
			targetProxy = 70B54316245079B100A95923 /* PBXContainerItemProxy */;
		};
/* End PBXTargetDependency section */

/* Begin PBXVariantGroup section */
		70B542FD245079AB00A95923 /* Main.storyboard */ = {
			isa = PBXVariantGroup;
			children = (
				70B542FE245079AB00A95923 /* Base */,
			);
			name = Main.storyboard;
			sourceTree = "<group>";
		};
		70B54302245079B100A95923 /* LaunchScreen.storyboard */ = {
			isa = PBXVariantGroup;
			children = (
				70B54303245079B100A95923 /* Base */,
			);
			name = LaunchScreen.storyboard;
			sourceTree = "<group>";
		};
/* End PBXVariantGroup section */

/* Begin XCBuildConfiguration section */
		70B5431C245079B100A95923 /* Debug */ = {
			isa = XCBuildConfiguration;
			buildSettings = {
				ALWAYS_SEARCH_USER_PATHS = NO;
				CLANG_ANALYZER_NONNULL = YES;
				CLANG_ANALYZER_NUMBER_OBJECT_CONVERSION = YES_AGGRESSIVE;
				CLANG_CXX_LANGUAGE_STANDARD = "gnu++14";
				CLANG_CXX_LIBRARY = "libc++";
				CLANG_ENABLE_MODULES = YES;
				CLANG_ENABLE_OBJC_ARC = YES;
				CLANG_ENABLE_OBJC_WEAK = YES;
				CLANG_WARN_BLOCK_CAPTURE_AUTORELEASING = YES;
				CLANG_WARN_BOOL_CONVERSION = YES;
				CLANG_WARN_COMMA = YES;
				CLANG_WARN_CONSTANT_CONVERSION = YES;
				CLANG_WARN_DEPRECATED_OBJC_IMPLEMENTATIONS = YES;
				CLANG_WARN_DIRECT_OBJC_ISA_USAGE = YES_ERROR;
				CLANG_WARN_DOCUMENTATION_COMMENTS = YES;
				CLANG_WARN_EMPTY_BODY = YES;
				CLANG_WARN_ENUM_CONVERSION = YES;
				CLANG_WARN_INFINITE_RECURSION = YES;
				CLANG_WARN_INT_CONVERSION = YES;
				CLANG_WARN_NON_LITERAL_NULL_CONVERSION = YES;
				CLANG_WARN_OBJC_IMPLICIT_RETAIN_SELF = YES;
				CLANG_WARN_OBJC_LITERAL_CONVERSION = YES;
				CLANG_WARN_OBJC_ROOT_CLASS = YES_ERROR;
				CLANG_WARN_RANGE_LOOP_ANALYSIS = YES;
				CLANG_WARN_STRICT_PROTOTYPES = YES;
				CLANG_WARN_SUSPICIOUS_MOVE = YES;
				CLANG_WARN_UNGUARDED_AVAILABILITY = YES_AGGRESSIVE;
				CLANG_WARN_UNREACHABLE_CODE = YES;
				CLANG_WARN__DUPLICATE_METHOD_MATCH = YES;
				COPY_PHASE_STRIP = NO;
				DEBUG_INFORMATION_FORMAT = dwarf;
				ENABLE_STRICT_OBJC_MSGSEND = YES;
				ENABLE_TESTABILITY = YES;
				GCC_C_LANGUAGE_STANDARD = gnu11;
				GCC_DYNAMIC_NO_PIC = NO;
				GCC_NO_COMMON_BLOCKS = YES;
				GCC_OPTIMIZATION_LEVEL = 0;
				GCC_PREPROCESSOR_DEFINITIONS = (
					"DEBUG=1",
					"$(inherited)",
				);
				GCC_WARN_64_TO_32_BIT_CONVERSION = YES;
				GCC_WARN_ABOUT_RETURN_TYPE = YES_ERROR;
				GCC_WARN_UNDECLARED_SELECTOR = YES;
				GCC_WARN_UNINITIALIZED_AUTOS = YES_AGGRESSIVE;
				GCC_WARN_UNUSED_FUNCTION = YES;
				GCC_WARN_UNUSED_VARIABLE = YES;
				IPHONEOS_DEPLOYMENT_TARGET = 13.2;
				MTL_ENABLE_DEBUG_INFO = INCLUDE_SOURCE;
				MTL_FAST_MATH = YES;
				ONLY_ACTIVE_ARCH = YES;
				SDKROOT = iphoneos;
				SWIFT_ACTIVE_COMPILATION_CONDITIONS = DEBUG;
				SWIFT_OPTIMIZATION_LEVEL = "-Onone";
			};
			name = Debug;
		};
		70B5431D245079B100A95923 /* Release */ = {
			isa = XCBuildConfiguration;
			buildSettings = {
				ALWAYS_SEARCH_USER_PATHS = NO;
				CLANG_ANALYZER_NONNULL = YES;
				CLANG_ANALYZER_NUMBER_OBJECT_CONVERSION = YES_AGGRESSIVE;
				CLANG_CXX_LANGUAGE_STANDARD = "gnu++14";
				CLANG_CXX_LIBRARY = "libc++";
				CLANG_ENABLE_MODULES = YES;
				CLANG_ENABLE_OBJC_ARC = YES;
				CLANG_ENABLE_OBJC_WEAK = YES;
				CLANG_WARN_BLOCK_CAPTURE_AUTORELEASING = YES;
				CLANG_WARN_BOOL_CONVERSION = YES;
				CLANG_WARN_COMMA = YES;
				CLANG_WARN_CONSTANT_CONVERSION = YES;
				CLANG_WARN_DEPRECATED_OBJC_IMPLEMENTATIONS = YES;
				CLANG_WARN_DIRECT_OBJC_ISA_USAGE = YES_ERROR;
				CLANG_WARN_DOCUMENTATION_COMMENTS = YES;
				CLANG_WARN_EMPTY_BODY = YES;
				CLANG_WARN_ENUM_CONVERSION = YES;
				CLANG_WARN_INFINITE_RECURSION = YES;
				CLANG_WARN_INT_CONVERSION = YES;
				CLANG_WARN_NON_LITERAL_NULL_CONVERSION = YES;
				CLANG_WARN_OBJC_IMPLICIT_RETAIN_SELF = YES;
				CLANG_WARN_OBJC_LITERAL_CONVERSION = YES;
				CLANG_WARN_OBJC_ROOT_CLASS = YES_ERROR;
				CLANG_WARN_RANGE_LOOP_ANALYSIS = YES;
				CLANG_WARN_STRICT_PROTOTYPES = YES;
				CLANG_WARN_SUSPICIOUS_MOVE = YES;
				CLANG_WARN_UNGUARDED_AVAILABILITY = YES_AGGRESSIVE;
				CLANG_WARN_UNREACHABLE_CODE = YES;
				CLANG_WARN__DUPLICATE_METHOD_MATCH = YES;
				COPY_PHASE_STRIP = NO;
				DEBUG_INFORMATION_FORMAT = "dwarf-with-dsym";
				ENABLE_NS_ASSERTIONS = NO;
				ENABLE_STRICT_OBJC_MSGSEND = YES;
				GCC_C_LANGUAGE_STANDARD = gnu11;
				GCC_NO_COMMON_BLOCKS = YES;
				GCC_WARN_64_TO_32_BIT_CONVERSION = YES;
				GCC_WARN_ABOUT_RETURN_TYPE = YES_ERROR;
				GCC_WARN_UNDECLARED_SELECTOR = YES;
				GCC_WARN_UNINITIALIZED_AUTOS = YES_AGGRESSIVE;
				GCC_WARN_UNUSED_FUNCTION = YES;
				GCC_WARN_UNUSED_VARIABLE = YES;
				IPHONEOS_DEPLOYMENT_TARGET = 13.2;
				MTL_ENABLE_DEBUG_INFO = NO;
				MTL_FAST_MATH = YES;
				SDKROOT = iphoneos;
				SWIFT_COMPILATION_MODE = wholemodule;
				SWIFT_OPTIMIZATION_LEVEL = "-O";
				VALIDATE_PRODUCT = YES;
			};
			name = Release;
		};
		70B5431F245079B100A95923 /* Debug */ = {
			isa = XCBuildConfiguration;
			buildSettings = {
				ASSETCATALOG_COMPILER_APPICON_NAME = AppIcon;
				CODE_SIGN_STYLE = Automatic;
				DEVELOPMENT_TEAM = 8CJ5394Y72;
				INFOPLIST_FILE = "hw 10/Info.plist";
				LD_RUNPATH_SEARCH_PATHS = (
					"$(inherited)",
					"@executable_path/Frameworks",
				);
				PRODUCT_BUNDLE_IDENTIFIER = "ashawnberry.com.hw-10";
				PRODUCT_NAME = "$(TARGET_NAME)";
				SWIFT_VERSION = 5.0;
				TARGETED_DEVICE_FAMILY = "1,2";
			};
			name = Debug;
		};
		70B54320245079B100A95923 /* Release */ = {
			isa = XCBuildConfiguration;
			buildSettings = {
				ASSETCATALOG_COMPILER_APPICON_NAME = AppIcon;
				CODE_SIGN_STYLE = Automatic;
				DEVELOPMENT_TEAM = 8CJ5394Y72;
				INFOPLIST_FILE = "hw 10/Info.plist";
				LD_RUNPATH_SEARCH_PATHS = (
					"$(inherited)",
					"@executable_path/Frameworks",
				);
				PRODUCT_BUNDLE_IDENTIFIER = "ashawnberry.com.hw-10";
				PRODUCT_NAME = "$(TARGET_NAME)";
				SWIFT_VERSION = 5.0;
				TARGETED_DEVICE_FAMILY = "1,2";
			};
			name = Release;
		};
		70B54322245079B100A95923 /* Debug */ = {
			isa = XCBuildConfiguration;
			buildSettings = {
				ALWAYS_EMBED_SWIFT_STANDARD_LIBRARIES = YES;
				BUNDLE_LOADER = "$(TEST_HOST)";
				CODE_SIGN_STYLE = Automatic;
				DEVELOPMENT_TEAM = 8CJ5394Y72;
				INFOPLIST_FILE = "hw 10Tests/Info.plist";
				IPHONEOS_DEPLOYMENT_TARGET = 13.2;
				LD_RUNPATH_SEARCH_PATHS = (
					"$(inherited)",
					"@executable_path/Frameworks",
					"@loader_path/Frameworks",
				);
				PRODUCT_BUNDLE_IDENTIFIER = "ashawnberry.com.hw-10Tests";
				PRODUCT_NAME = "$(TARGET_NAME)";
				SWIFT_VERSION = 5.0;
				TARGETED_DEVICE_FAMILY = "1,2";
				TEST_HOST = "$(BUILT_PRODUCTS_DIR)/hw 10.app/hw 10";
			};
			name = Debug;
		};
		70B54323245079B100A95923 /* Release */ = {
			isa = XCBuildConfiguration;
			buildSettings = {
				ALWAYS_EMBED_SWIFT_STANDARD_LIBRARIES = YES;
				BUNDLE_LOADER = "$(TEST_HOST)";
				CODE_SIGN_STYLE = Automatic;
				DEVELOPMENT_TEAM = 8CJ5394Y72;
				INFOPLIST_FILE = "hw 10Tests/Info.plist";
				IPHONEOS_DEPLOYMENT_TARGET = 13.2;
				LD_RUNPATH_SEARCH_PATHS = (
					"$(inherited)",
					"@executable_path/Frameworks",
					"@loader_path/Frameworks",
				);
				PRODUCT_BUNDLE_IDENTIFIER = "ashawnberry.com.hw-10Tests";
				PRODUCT_NAME = "$(TARGET_NAME)";
				SWIFT_VERSION = 5.0;
				TARGETED_DEVICE_FAMILY = "1,2";
				TEST_HOST = "$(BUILT_PRODUCTS_DIR)/hw 10.app/hw 10";
			};
			name = Release;
		};
		70B54325245079B100A95923 /* Debug */ = {
			isa = XCBuildConfiguration;
			buildSettings = {
				ALWAYS_EMBED_SWIFT_STANDARD_LIBRARIES = YES;
				CODE_SIGN_STYLE = Automatic;
				DEVELOPMENT_TEAM = 8CJ5394Y72;
				INFOPLIST_FILE = "hw 10UITests/Info.plist";
				LD_RUNPATH_SEARCH_PATHS = (
					"$(inherited)",
					"@executable_path/Frameworks",
					"@loader_path/Frameworks",
				);
				PRODUCT_BUNDLE_IDENTIFIER = "ashawnberry.com.hw-10UITests";
				PRODUCT_NAME = "$(TARGET_NAME)";
				SWIFT_VERSION = 5.0;
				TARGETED_DEVICE_FAMILY = "1,2";
				TEST_TARGET_NAME = "hw 10";
			};
			name = Debug;
		};
		70B54326245079B100A95923 /* Release */ = {
			isa = XCBuildConfiguration;
			buildSettings = {
				ALWAYS_EMBED_SWIFT_STANDARD_LIBRARIES = YES;
				CODE_SIGN_STYLE = Automatic;
				DEVELOPMENT_TEAM = 8CJ5394Y72;
				INFOPLIST_FILE = "hw 10UITests/Info.plist";
				LD_RUNPATH_SEARCH_PATHS = (
					"$(inherited)",
					"@executable_path/Frameworks",
					"@loader_path/Frameworks",
				);
				PRODUCT_BUNDLE_IDENTIFIER = "ashawnberry.com.hw-10UITests";
				PRODUCT_NAME = "$(TARGET_NAME)";
				SWIFT_VERSION = 5.0;
				TARGETED_DEVICE_FAMILY = "1,2";
				TEST_TARGET_NAME = "hw 10";
			};
			name = Release;
		};
/* End XCBuildConfiguration section */

/* Begin XCConfigurationList section */
		70B542EF245079AB00A95923 /* Build configuration list for PBXProject "hw 10" */ = {
			isa = XCConfigurationList;
			buildConfigurations = (
				70B5431C245079B100A95923 /* Debug */,
				70B5431D245079B100A95923 /* Release */,
			);
			defaultConfigurationIsVisible = 0;
			defaultConfigurationName = Release;
		};
		70B5431E245079B100A95923 /* Build configuration list for PBXNativeTarget "hw 10" */ = {
			isa = XCConfigurationList;
			buildConfigurations = (
				70B5431F245079B100A95923 /* Debug */,
				70B54320245079B100A95923 /* Release */,
			);
			defaultConfigurationIsVisible = 0;
			defaultConfigurationName = Release;
		};
		70B54321245079B100A95923 /* Build configuration list for PBXNativeTarget "hw 10Tests" */ = {
			isa = XCConfigurationList;
			buildConfigurations = (
				70B54322245079B100A95923 /* Debug */,
				70B54323245079B100A95923 /* Release */,
			);
			defaultConfigurationIsVisible = 0;
			defaultConfigurationName = Release;
		};
		70B54324245079B100A95923 /* Build configuration list for PBXNativeTarget "hw 10UITests" */ = {
			isa = XCConfigurationList;
			buildConfigurations = (
				70B54325245079B100A95923 /* Debug */,
				70B54326245079B100A95923 /* Release */,
			);
			defaultConfigurationIsVisible = 0;
			defaultConfigurationName = Release;
		};
/* End XCConfigurationList section */
	};
	rootObject = 70B542EC245079AB00A95923 /* Project object */;
}
